{
  "object": {
    "pins": [
      {
        "package": "BitriseAPI",
        "repositoryURL": "https://github.com/YutoMizutani/BitriseAPI-Swift.git",
        "state": {
          "branch": "feature/trigger_build",
          "revision": "8f162cca7427c5f9c2fc52bddd16bac361f5ed25",
          "version": null
        }
      },
      {
        "package": "CommandLineKit",
        "repositoryURL": "https://github.com/pvieito/CommandLineKit.git",
        "state": {
          "branch": "master",
          "revision": "5ac5756f066b0a2baa8240c533c07d124b2e7e89",
          "version": null
        }
      },
      {
        "package": "Core",
        "repositoryURL": "https://github.com/vapor/core.git",
        "state": {
          "branch": null,
          "revision": "c64f63cb21631010952f7abfef719d376ab6a441",
          "version": "3.9.1"
        }
      },
      {
        "package": "Crypto",
        "repositoryURL": "https://github.com/vapor/crypto.git",
        "state": {
          "branch": null,
          "revision": "df8eb7d8ae51787b3a0628aa3975e67666da936c",
          "version": "3.3.3"
        }
      },
      {
        "package": "EmojiKit",
        "repositoryURL": "https://github.com/YutoMizutani/EmojiKit.git",
        "state": {
          "branch": "master",
          "revision": "8bfb4cd4247bc019a9d4e0c4186b6340b0b9a22c",
          "version": null
        }
      },
      {
        "package": "HTTP",
        "repositoryURL": "https://github.com/vapor/http.git",
        "state": {
          "branch": null,
          "revision": "3808ed0401379b6e9f4a053f03090ea9d658caa9",
          "version": "3.2.1"
        }
      },
      {
        "package": "LoggerKit",
        "repositoryURL": "https://github.com/pvieito/LoggerKit.git",
        "state": {
          "branch": "master",
          "revision": "04b90d53e38f3f637ab54c980dd148569ffe723f",
          "version": null
        }
      },
      {
        "package": "PythonTool",
        "repositoryURL": "https://github.com/pvieito/PythonKit.git",
        "state": {
          "branch": "master",
          "revision": "0b2ffa2db8d249112cc833a6e13faac004ce5835",
          "version": null
        }
      },
      {
        "package": "SlackKit",
        "repositoryURL": "https://github.com/pvzig/SlackKit.git",
        "state": {
          "branch": null,
          "revision": "267cf26b2e3d04ed2e3e9864e4d023c99287af82",
          "version": "4.4.0"
        }
      },
      {
        "package": "Starscream",
        "repositoryURL": "https://github.com/daltoniam/Starscream",
        "state": {
          "branch": null,
          "revision": "9c03ef715d1bc9334b446c90df53586dd38cf849",
          "version": "3.1.0"
        }
      },
      {
        "package": "swift-nio",
        "repositoryURL": "https://github.com/apple/swift-nio.git",
        "state": {
          "branch": null,
          "revision": "ba7970fe396e8198b84c6c1b44b38a1d4e2eb6bd",
          "version": "1.14.1"
        }
      },
      {
        "package": "swift-nio-ssl",
        "repositoryURL": "https://github.com/apple/swift-nio-ssl.git",
        "state": {
          "branch": null,
          "revision": "0f3999f3e3c359cc74480c292644c3419e44a12f",
          "version": "1.4.0"
        }
      },
      {
        "package": "swift-nio-ssl-support",
        "repositoryURL": "https://github.com/apple/swift-nio-ssl-support.git",
        "state": {
          "branch": null,
          "revision": "c02eec4e0e6d351cd092938cf44195a8e669f555",
          "version": "1.0.0"
        }
      },
      {
        "package": "swift-nio-zlib-support",
        "repositoryURL": "https://github.com/apple/swift-nio-zlib-support.git",
        "state": {
          "branch": null,
          "revision": "37760e9a52030bb9011972c5213c3350fa9d41fd",
          "version": "1.0.0"
        }
      },
      {
        "package": "Swifter",
        "repositoryURL": "https://github.com/httpswift/swifter.git",
        "state": {
          "branch": null,
          "revision": "8b5afb48ae64d4f729f0489ddcfe09c62b9c3687",
          "version": "1.4.7"
        }
      },
      {
        "package": "WebSocket",
        "repositoryURL": "https://github.com/vapor/websocket",
        "state": {
          "branch": null,
          "revision": "d85e5b6dce4d04065865f77385fc3324f98178f6",
          "version": "1.1.2"
        }
      }
    ]
  },
  "version": 1
}
